// !$*UTF8*$!
{
	archiveVersion = 1;
	classes = {
	};
	objectVersion = 46;
	objects = {

/* Begin PBXBuildFile section */
		6C7EBD86AC42FD6F08111BDB /* Pods_Newly.framework in Frameworks */ = {isa = PBXBuildFile; fileRef = 1F9F98D5975F96DD22DD2EAE /* Pods_Newly.framework */; };
		FF73541E1DDEF20000E1C56B /* Newly.h in Headers */ = {isa = PBXBuildFile; fileRef = FF73541C1DDEF20000E1C56B /* Newly.h */; settings = {ATTRIBUTES = (Public, ); }; };
		FFDEBEF91DDEF55300EBFA02 /* Newly.swift in Sources */ = {isa = PBXBuildFile; fileRef = FFDEBEF81DDEF55300EBFA02 /* Newly.swift */; };
/* End PBXBuildFile section */

/* Begin PBXFileReference section */
		1F9F98D5975F96DD22DD2EAE /* Pods_Newly.framework */ = {isa = PBXFileReference; explicitFileType = wrapper.framework; includeInIndex = 0; path = Pods_Newly.framework; sourceTree = BUILT_PRODUCTS_DIR; };
		92C8874BC9DD5D9584B44EEB /* Pods-Newly.debug.xcconfig */ = {isa = PBXFileReference; includeInIndex = 1; lastKnownFileType = text.xcconfig; name = "Pods-Newly.debug.xcconfig"; path = "Pods/Target Support Files/Pods-Newly/Pods-Newly.debug.xcconfig"; sourceTree = "<group>"; };
		971F861E7C540A34996DCFD2 /* Pods-Newly.release.xcconfig */ = {isa = PBXFileReference; includeInIndex = 1; lastKnownFileType = text.xcconfig; name = "Pods-Newly.release.xcconfig"; path = "Pods/Target Support Files/Pods-Newly/Pods-Newly.release.xcconfig"; sourceTree = "<group>"; };
		FF7354191DDEF20000E1C56B /* Newly.framework */ = {isa = PBXFileReference; explicitFileType = wrapper.framework; includeInIndex = 0; path = Newly.framework; sourceTree = BUILT_PRODUCTS_DIR; };
		FF73541C1DDEF20000E1C56B /* Newly.h */ = {isa = PBXFileReference; lastKnownFileType = sourcecode.c.h; path = Newly.h; sourceTree = "<group>"; };
		FF73541D1DDEF20000E1C56B /* Info.plist */ = {isa = PBXFileReference; lastKnownFileType = text.plist.xml; path = Info.plist; sourceTree = "<group>"; };
		FFDEBEF81DDEF55300EBFA02 /* Newly.swift */ = {isa = PBXFileReference; fileEncoding = 4; lastKnownFileType = sourcecode.swift; path = Newly.swift; sourceTree = "<group>"; };
/* End PBXFileReference section */

/* Begin PBXFrameworksBuildPhase section */
		FF7354151DDEF20000E1C56B /* Frameworks */ = {
			isa = PBXFrameworksBuildPhase;
			buildActionMask = 2147483647;
			files = (
				6C7EBD86AC42FD6F08111BDB /* Pods_Newly.framework in Frameworks */,
			);
			runOnlyForDeploymentPostprocessing = 0;
		};
/* End PBXFrameworksBuildPhase section */

/* Begin PBXGroup section */
		0C1AFF40573FCA8733D4FF7F /* Pods */ = {
			isa = PBXGroup;
			children = (
				92C8874BC9DD5D9584B44EEB /* Pods-Newly.debug.xcconfig */,
				971F861E7C540A34996DCFD2 /* Pods-Newly.release.xcconfig */,
			);
			name = Pods;
			sourceTree = "<group>";
		};
		B849049F4AD917E21D508A25 /* Frameworks */ = {
			isa = PBXGroup;
			children = (
				1F9F98D5975F96DD22DD2EAE /* Pods_Newly.framework */,
			);
			name = Frameworks;
			sourceTree = "<group>";
		};
		FF73540F1DDEF20000E1C56B = {
			isa = PBXGroup;
			children = (
				FF73541B1DDEF20000E1C56B /* Newly */,
				FF73541A1DDEF20000E1C56B /* Products */,
				0C1AFF40573FCA8733D4FF7F /* Pods */,
				B849049F4AD917E21D508A25 /* Frameworks */,
			);
			sourceTree = "<group>";
		};
		FF73541A1DDEF20000E1C56B /* Products */ = {
			isa = PBXGroup;
			children = (
				FF7354191DDEF20000E1C56B /* Newly.framework */,
			);
			name = Products;
			sourceTree = "<group>";
		};
		FF73541B1DDEF20000E1C56B /* Newly */ = {
			isa = PBXGroup;
			children = (
				FF7354241DDEF20A00E1C56B /* Classes */,
				FF73541C1DDEF20000E1C56B /* Newly.h */,
				FF73541D1DDEF20000E1C56B /* Info.plist */,
			);
			path = Newly;
			sourceTree = "<group>";
		};
		FF7354241DDEF20A00E1C56B /* Classes */ = {
			isa = PBXGroup;
			children = (
				FFDEBEF81DDEF55300EBFA02 /* Newly.swift */,
			);
			name = Classes;
			sourceTree = "<group>";
		};
/* End PBXGroup section */

/* Begin PBXHeadersBuildPhase section */
		FF7354161DDEF20000E1C56B /* Headers */ = {
			isa = PBXHeadersBuildPhase;
			buildActionMask = 2147483647;
			files = (
				FF73541E1DDEF20000E1C56B /* Newly.h in Headers */,
			);
			runOnlyForDeploymentPostprocessing = 0;
		};
/* End PBXHeadersBuildPhase section */

/* Begin PBXNativeTarget section */
		FF7354181DDEF20000E1C56B /* Newly */ = {
			isa = PBXNativeTarget;
			buildConfigurationList = FF7354211DDEF20100E1C56B /* Build configuration list for PBXNativeTarget "Newly" */;
			buildPhases = (
				9A2F7E6FE47AE2241193AFD7 /* [CP] Check Pods Manifest.lock */,
				FF7354141DDEF20000E1C56B /* Sources */,
				FF7354151DDEF20000E1C56B /* Frameworks */,
				FF7354161DDEF20000E1C56B /* Headers */,
				FF7354171DDEF20000E1C56B /* Resources */,
				1B444680D56F6099E15EEB9C /* [CP] Copy Pods Resources */,
			);
			buildRules = (
			);
			dependencies = (
			);
			name = Newly;
			productName = Newly;
			productReference = FF7354191DDEF20000E1C56B /* Newly.framework */;
			productType = "com.apple.product-type.framework";
		};
/* End PBXNativeTarget section */

/* Begin PBXProject section */
		FF7354101DDEF20000E1C56B /* Project object */ = {
			isa = PBXProject;
			attributes = {
				LastUpgradeCheck = 0800;
				ORGANIZATIONNAME = "Dhiraj Jadhao";
				TargetAttributes = {
					FF7354181DDEF20000E1C56B = {
						CreatedOnToolsVersion = 8.0;
						DevelopmentTeam = DUXG8V348H;
						LastSwiftMigration = 0800;
						ProvisioningStyle = Automatic;
					};
				};
			};
			buildConfigurationList = FF7354131DDEF20000E1C56B /* Build configuration list for PBXProject "Newly" */;
			compatibilityVersion = "Xcode 3.2";
			developmentRegion = English;
			hasScannedForEncodings = 0;
			knownRegions = (
				en,
			);
			mainGroup = FF73540F1DDEF20000E1C56B;
			productRefGroup = FF73541A1DDEF20000E1C56B /* Products */;
			projectDirPath = "";
			projectRoot = "";
			targets = (
				FF7354181DDEF20000E1C56B /* Newly */,
			);
		};
/* End PBXProject section */

/* Begin PBXResourcesBuildPhase section */
		FF7354171DDEF20000E1C56B /* Resources */ = {
			isa = PBXResourcesBuildPhase;
			buildActionMask = 2147483647;
			files = (
			);
			runOnlyForDeploymentPostprocessing = 0;
		};
/* End PBXResourcesBuildPhase section */

/* Begin PBXShellScriptBuildPhase section */
		1B444680D56F6099E15EEB9C /* [CP] Copy Pods Resources */ = {
			isa = PBXShellScriptBuildPhase;
			buildActionMask = 2147483647;
			files = (
			);
			inputPaths = (
			);
			name = "[CP] Copy Pods Resources";
			outputPaths = (
			);
			runOnlyForDeploymentPostprocessing = 0;
			shellPath = /bin/sh;
			shellScript = "\"${SRCROOT}/Pods/Target Support Files/Pods-Newly/Pods-Newly-resources.sh\"\n";
			showEnvVarsInLog = 0;
		};
		9A2F7E6FE47AE2241193AFD7 /* [CP] Check Pods Manifest.lock */ = {
			isa = PBXShellScriptBuildPhase;
			buildActionMask = 2147483647;
			files = (
			);
			inputPaths = (
			);
			name = "[CP] Check Pods Manifest.lock";
			outputPaths = (
			);
			runOnlyForDeploymentPostprocessing = 0;
			shellPath = /bin/sh;
			shellScript = "diff \"${PODS_ROOT}/../Podfile.lock\" \"${PODS_ROOT}/Manifest.lock\" > /dev/null\nif [ $? != 0 ] ; then\n    # print error to STDERR\n    echo \"error: The sandbox is not in sync with the Podfile.lock. Run 'pod install' or update your CocoaPods installation.\" >&2\n    exit 1\nfi\n";
			showEnvVarsInLog = 0;
		};
/* End PBXShellScriptBuildPhase section */

/* Begin PBXSourcesBuildPhase section */
		FF7354141DDEF20000E1C56B /* Sources */ = {
			isa = PBXSourcesBuildPhase;
			buildActionMask = 2147483647;
			files = (
				FFDEBEF91DDEF55300EBFA02 /* Newly.swift in Sources */,
			);
			runOnlyForDeploymentPostprocessing = 0;
		};
/* End PBXSourcesBuildPhase section */

/* Begin XCBuildConfiguration section */
		FF73541F1DDEF20100E1C56B /* Debug */ = {
			isa = XCBuildConfiguration;
			buildSettings = {
				ALWAYS_SEARCH_USER_PATHS = NO;
				CLANG_ANALYZER_NONNULL = YES;
				CLANG_CXX_LANGUAGE_STANDARD = "gnu++0x";
				CLANG_CXX_LIBRARY = "libc++";
				CLANG_ENABLE_MODULES = YES;
				CLANG_ENABLE_OBJC_ARC = YES;
				CLANG_WARN_BOOL_CONVERSION = YES;
				CLANG_WARN_CONSTANT_CONVERSION = YES;
				CLANG_WARN_DIRECT_OBJC_ISA_USAGE = YES_ERROR;
				CLANG_WARN_DOCUMENTATION_COMMENTS = YES;
				CLANG_WARN_EMPTY_BODY = YES;
				CLANG_WARN_ENUM_CONVERSION = YES;
				CLANG_WARN_INFINITE_RECURSION = YES;
				CLANG_WARN_INT_CONVERSION = YES;
				CLANG_WARN_OBJC_ROOT_CLASS = YES_ERROR;
				CLANG_WARN_SUSPICIOUS_MOVE = YES;
				CLANG_WARN_SUSPICIOUS_MOVES = YES;
				CLANG_WARN_UNREACHABLE_CODE = YES;
				CLANG_WARN__DUPLICATE_METHOD_MATCH = YES;
				"CODE_SIGN_IDENTITY[sdk=iphoneos*]" = "iPhone Developer";
				COPY_PHASE_STRIP = NO;
				CURRENT_PROJECT_VERSION = 1;
				DEBUG_INFORMATION_FORMAT = dwarf;
				ENABLE_STRICT_OBJC_MSGSEND = YES;
				ENABLE_TESTABILITY = YES;
				GCC_C_LANGUAGE_STANDARD = gnu99;
				GCC_DYNAMIC_NO_PIC = NO;
				GCC_NO_COMMON_BLOCKS = YES;
				GCC_OPTIMIZATION_LEVEL = 0;
				GCC_PREPROCESSOR_DEFINITIONS = (
					"DEBUG=1",
					"$(inherited)",
				);
				GCC_WARN_64_TO_32_BIT_CONVERSION = YES;
				GCC_WARN_ABOUT_RETURN_TYPE = YES_ERROR;
				GCC_WARN_UNDECLARED_SELECTOR = YES;
				GCC_WARN_UNINITIALIZED_AUTOS = YES_AGGRESSIVE;
				GCC_WARN_UNUSED_FUNCTION = YES;
				GCC_WARN_UNUSED_VARIABLE = YES;
				IPHONEOS_DEPLOYMENT_TARGET = 10.0;
				MTL_ENABLE_DEBUG_INFO = YES;
				ONLY_ACTIVE_ARCH = YES;
				SDKROOT = iphoneos;
				SWIFT_ACTIVE_COMPILATION_CONDITIONS = DEBUG;
				SWIFT_OPTIMIZATION_LEVEL = "-Onone";
				TARGETED_DEVICE_FAMILY = "1,2";
				VERSIONING_SYSTEM = "apple-generic";
				VERSION_INFO_PREFIX = "";
			};
			name = Debug;
		};
		FF7354201DDEF20100E1C56B /* Release */ = {
			isa = XCBuildConfiguration;
			buildSettings = {
				ALWAYS_SEARCH_USER_PATHS = NO;
				CLANG_ANALYZER_NONNULL = YES;
				CLANG_CXX_LANGUAGE_STANDARD = "gnu++0x";
				CLANG_CXX_LIBRARY = "libc++";
				CLANG_ENABLE_MODULES = YES;
				CLANG_ENABLE_OBJC_ARC = YES;
				CLANG_WARN_BOOL_CONVERSION = YES;
				CLANG_WARN_CONSTANT_CONVERSION = YES;
				CLANG_WARN_DIRECT_OBJC_ISA_USAGE = YES_ERROR;
				CLANG_WARN_DOCUMENTATION_COMMENTS = YES;
				CLANG_WARN_EMPTY_BODY = YES;
				CLANG_WARN_ENUM_CONVERSION = YES;
				CLANG_WARN_INFINITE_RECURSION = YES;
				CLANG_WARN_INT_CONVERSION = YES;
				CLANG_WARN_OBJC_ROOT_CLASS = YES_ERROR;
				CLANG_WARN_SUSPICIOUS_MOVE = YES;
				CLANG_WARN_SUSPICIOUS_MOVES = YES;
				CLANG_WARN_UNREACHABLE_CODE = YES;
				CLANG_WARN__DUPLICATE_METHOD_MATCH = YES;
				"CODE_SIGN_IDENTITY[sdk=iphoneos*]" = "iPhone Developer";
				COPY_PHASE_STRIP = NO;
				CURRENT_PROJECT_VERSION = 1;
				DEBUG_INFORMATION_FORMAT = "dwarf-with-dsym";
				ENABLE_NS_ASSERTIONS = NO;
				ENABLE_STRICT_OBJC_MSGSEND = YES;
				GCC_C_LANGUAGE_STANDARD = gnu99;
				GCC_NO_COMMON_BLOCKS = YES;
				GCC_WARN_64_TO_32_BIT_CONVERSION = YES;
				GCC_WARN_ABOUT_RETURN_TYPE = YES_ERROR;
				GCC_WARN_UNDECLARED_SELECTOR = YES;
				GCC_WARN_UNINITIALIZED_AUTOS = YES_AGGRESSIVE;
				GCC_WARN_UNUSED_FUNCTION = YES;
				GCC_WARN_UNUSED_VARIABLE = YES;
				IPHONEOS_DEPLOYMENT_TARGET = 10.0;
				MTL_ENABLE_DEBUG_INFO = NO;
				SDKROOT = iphoneos;
				SWIFT_OPTIMIZATION_LEVEL = "-Owholemodule";
				TARGETED_DEVICE_FAMILY = "1,2";
				VALIDATE_PRODUCT = YES;
				VERSIONING_SYSTEM = "apple-generic";
				VERSION_INFO_PREFIX = "";
			};
			name = Release;
		};
		FF7354221DDEF20100E1C56B /* Debug */ = {
			isa = XCBuildConfiguration;
			baseConfigurationReference = 92C8874BC9DD5D9584B44EEB /* Pods-Newly.debug.xcconfig */;
			buildSettings = {
				CLANG_ENABLE_MODULES = YES;
				CODE_SIGN_IDENTITY = "";
				DEFINES_MODULE = YES;
				DEVELOPMENT_TEAM = DUXG8V348H;
				DYLIB_COMPATIBILITY_VERSION = 1;
				DYLIB_CURRENT_VERSION = 1;
				DYLIB_INSTALL_NAME_BASE = "@rpath";
				INFOPLIST_FILE = Newly/Info.plist;
				INSTALL_PATH = "$(LOCAL_LIBRARY_DIR)/Frameworks";
				LD_RUNPATH_SEARCH_PATHS = "$(inherited) @executable_path/Frameworks @loader_path/Frameworks";
				PRODUCT_BUNDLE_IDENTIFIER = dhirajjadhao.Newly;
				PRODUCT_NAME = "$(TARGET_NAME)";
				SKIP_INSTALL = YES;
				SWIFT_OPTIMIZATION_LEVEL = "-Onone";
				SWIFT_VERSION = 3.0;
			};
			name = Debug;
		};
		FF7354231DDEF20100E1C56B /* Release */ = {
			isa = XCBuildConfiguration;
			baseConfigurationReference = 971F861E7C540A34996DCFD2 /* Pods-Newly.release.xcconfig */;
			buildSettings = {
				CLANG_ENABLE_MODULES = YES;
				CODE_SIGN_IDENTITY = "";
				DEFINES_MODULE = YES;
				DEVELOPMENT_TEAM = DUXG8V348H;
				DYLIB_COMPATIBILITY_VERSION = 1;
				DYLIB_CURRENT_VERSION = 1;
				DYLIB_INSTALL_NAME_BASE = "@rpath";
				INFOPLIST_FILE = Newly/Info.plist;
				INSTALL_PATH = "$(LOCAL_LIBRARY_DIR)/Frameworks";
				LD_RUNPATH_SEARCH_PATHS = "$(inherited) @executable_path/Frameworks @loader_path/Frameworks";
				PRODUCT_BUNDLE_IDENTIFIER = dhirajjadhao.Newly;
				PRODUCT_NAME = "$(TARGET_NAME)";
				SKIP_INSTALL = YES;
				SWIFT_VERSION = 3.0;
			};
			name = Release;
		};
/* End XCBuildConfiguration section */

/* Begin XCConfigurationList section */
		FF7354131DDEF20000E1C56B /* Build configuration list for PBXProject "Newly" */ = {
			isa = XCConfigurationList;
			buildConfigurations = (
				FF73541F1DDEF20100E1C56B /* Debug */,
				FF7354201DDEF20100E1C56B /* Release */,
			);
			defaultConfigurationIsVisible = 0;
			defaultConfigurationName = Release;
		};
		FF7354211DDEF20100E1C56B /* Build configuration list for PBXNativeTarget "Newly" */ = {
			isa = XCConfigurationList;
			buildConfigurations = (
				FF7354221DDEF20100E1C56B /* Debug */,
				FF7354231DDEF20100E1C56B /* Release */,
			);
			defaultConfigurationIsVisible = 0;
			defaultConfigurationName = Release;
		};
/* End XCConfigurationList section */
	};
	rootObject = FF7354101DDEF20000E1C56B /* Project object */;
}
